#MicroXplorer Configuration settings - do not modify
Mcu.Family=STM32F3
ProjectManager.MainLocation=Core/Src
PA2.GPIO_PuPd=GPIO_NOPULL
RCC.MCOFreq_Value=72000000
RCC.USART1Freq_Value=72000000
USART2.IPParameters=VirtualMode-Asynchronous
RCC.CortexFreq_Value=72000000
RCC.TIM17Freq_Value=72000000
ProjectManager.KeepUserCode=true
Mcu.UserName=STM32F303RETx
RCC.PLLCLKFreq_Value=72000000
PA14.GPIO_Label=TCK
RCC.SYSCLKSourceVirtual=RCC_SYSCLKSOURCE_PLLCLK
PA3.GPIO_PuPd=GPIO_NOPULL
ProjectManager.functionlistsort=1-MX_GPIO_Init-GPIO-false-HAL-true,2-SystemClock_Config-RCC-false-HAL-false,3-MX_USART2_UART_Init-USART2-false-HAL-true
PA2.GPIO_Speed=GPIO_SPEED_FREQ_LOW
RCC.RTCFreq_Value=40000
PA3.GPIOParameters=GPIO_Speed,GPIO_PuPd,GPIO_Label,GPIO_Mode
RCC.USART2Freq_Value=36000000
PC13.GPIO_Label=B1 [Blue PushButton]
PA3.GPIO_Speed=GPIO_SPEED_FREQ_LOW
PA2.GPIOParameters=GPIO_Speed,GPIO_PuPd,GPIO_Label,GPIO_Mode
PinOutPanel.RotationAngle=0
ProjectManager.StackSize=0x400
SH.GPXTI13.0=GPIO_EXTI13
RCC.I2C3Freq_Value=8000000
Mcu.IP4=USART2
RCC.FCLKCortexFreq_Value=72000000
NVIC.SVCall_IRQn=true\:0\:0\:false\:false\:false\:false\:false\:false
Mcu.IP2=RCC
Mcu.IP3=SYS
Mcu.IP0=FREERTOS
Mcu.IP1=NVIC
Mcu.UserConstants=
SH.GPXTI13.ConfNb=1
Mcu.ThirdPartyNb=0
RCC.HCLKFreq_Value=72000000
Mcu.IPNb=5
RCC.I2SClocksFreq_Value=72000000
ProjectManager.PreviousToolchain=
RCC.APB2TimFreq_Value=72000000
Mcu.Pin6=PA3
Mcu.Pin7=PA5
Mcu.Pin8=PA13
Mcu.Pin9=PA14
FREERTOS.IPParameters=Tasks01,configUSE_TIMERS,FootprintOK,Timers01
RCC.AHBFreq_Value=72000000
RCC.TIM2Freq_Value=72000000
Mcu.Pin0=PC13
Mcu.Pin1=PC14-OSC32_IN
Mcu.Pin2=PC15-OSC32_OUT
Mcu.Pin3=PF0-OSC_IN
RCC.USART3Freq_Value=36000000
Mcu.Pin4=PF1-OSC_OUT
Mcu.Pin5=PA2
ProjectManager.ProjectBuild=false
RCC.HSE_VALUE=8000000
NVIC.UsageFault_IRQn=true\:0\:0\:false\:false\:true\:false\:true\:false
FREERTOS.configUSE_TIMERS=1
NVIC.DebugMonitor_IRQn=true\:0\:0\:false\:false\:true\:false\:true\:false
USART2.VirtualMode-Asynchronous=VM_ASYNC
RCC.RCC_PLLsource_Clock_Source_FROM_HSE=RCC_HSE_PREDIV_DIV2
NVIC.SysTick_IRQn=true\:15\:0\:true\:false\:false\:true\:true\:true
RCC.PLLMUL=RCC_PLL_MUL9
ProjectManager.FirmwarePackage=STM32Cube FW_F3 V1.11.2
MxDb.Version=DB.6.0.21
ProjectManager.BackupPrevious=false
PC14-OSC32_IN.Mode=LSE-External-Oscillator
PF0-OSC_IN.Locked=true
VP_SYS_VS_tim1.Mode=TIM1
PA5.GPIO_PuPd=GPIO_NOPULL
File.Version=6
PB3.GPIOParameters=GPIO_Label
NVIC.PendSV_IRQn=true\:15\:0\:false\:false\:false\:true\:false\:false
VP_FREERTOS_VS_CMSIS_V1.Mode=CMSIS_V1
ProjectManager.HalAssertFull=false
ProjectManager.ProjectName=020_freetos_timer
RCC.TIM1Freq_Value=72000000
PA13.GPIOParameters=GPIO_Label
RCC.PLLMCOFreq_Value=72000000
Mcu.Package=LQFP64
RCC.TIM15Freq_Value=72000000
PA5.Locked=true
NVIC.TimeBase=TIM1_UP_TIM16_IRQn
RCC.ADC34outputFreq_Value=72000000
PA14.Locked=true
ProjectManager.ToolChainLocation=
PA2.GPIO_Label=USART_TX
RCC.LSI_VALUE=40000
NVIC.TimeBaseIP=TIM1
FREERTOS.FootprintOK=true
PA5.GPIOParameters=GPIO_Speed,GPIO_PuPd,GPIO_Label,GPIO_Mode
RCC.TIM16Freq_Value=72000000
RCC.APB1TimFreq_Value=72000000
NVIC.BusFault_IRQn=true\:0\:0\:false\:false\:true\:false\:true\:false
PF1-OSC_OUT.Mode=HSE-External-Oscillator
ProjectManager.CustomerFirmwarePackage=
PC14-OSC32_IN.Locked=true
PF1-OSC_OUT.Signal=RCC_OSC_OUT
PB3.Locked=true
PA3.Signal=USART2_RX
PA2.GPIO_Mode=GPIO_MODE_AF_PP
PA2.Locked=true
PB3.GPIO_Label=SWO
RCC.PLLSourceVirtual=RCC_PLLSOURCE_HSE
PC15-OSC32_OUT.Mode=LSE-External-Oscillator
ProjectManager.ProjectFileName=020_freetos_timer.ioc
RCC.ADC12outputFreq_Value=72000000
FREERTOS.Tasks01=defaultTask,0,128,StartDefaultTask,Default,NULL,Dynamic,NULL,NULL;myTask02,2,128,StartTask02,Default,NULL,Dynamic,NULL,NULL
Mcu.PinsNb=13
ProjectManager.NoMain=false
PC13.Locked=true
NVIC.SavedSvcallIrqHandlerGenerated=true
PC13.Signal=GPXTI13
ProjectManager.DefaultFWLocation=true
ProjectManager.DeletePrevious=true
PF1-OSC_OUT.Locked=true
RCC.APB1CLKDivider=RCC_HCLK_DIV2
PC14-OSC32_IN.Signal=RCC_OSC32_IN
boardIOC=true
RCC.FamilyName=M
PA3.Mode=Asynchronous
PA13.Signal=SYS_JTMS-SWDIO
VP_FREERTOS_VS_CMSIS_V1.Signal=FREERTOS_VS_CMSIS_V1
PC15-OSC32_OUT.Locked=true
ProjectManager.TargetToolchain=STM32CubeIDE
PA3.GPIO_Mode=GPIO_MODE_AF_PP
ProjectManager.RegisterCallBack=
RCC.USBFreq_Value=72000000
PC15-OSC32_OUT.Signal=RCC_OSC32_OUT
PF0-OSC_IN.Mode=HSE-External-Oscillator
PA5.Signal=GPIO_Output
board=NUCLEO-F303RE
ProjectManager.LastFirmware=true
RCC.VCOOutput2Freq_Value=8000000
NVIC.SavedSystickIrqHandlerGenerated=true
RCC.APB2Freq_Value=72000000
RCC.TIM8Freq_Value=72000000
RCC.UART4Freq_Value=36000000
MxCube.Version=6.2.1
RCC.I2C1Freq_Value=8000000
VP_SYS_VS_tim1.Signal=SYS_VS_tim1
PC13.GPIOParameters=GPIO_Label,GPIO_ModeDefaultEXTI
NVIC.NonMaskableInt_IRQn=true\:0\:0\:false\:false\:true\:false\:true\:false
RCC.UART5Freq_Value=36000000
ProjectManager.FreePins=false
RCC.IPParameters=ADC12outputFreq_Value,ADC34outputFreq_Value,AHBFreq_Value,APB1CLKDivider,APB1Freq_Value,APB1TimFreq_Value,APB2Freq_Value,APB2TimFreq_Value,CortexFreq_Value,FCLKCortexFreq_Value,FamilyName,HCLKFreq_Value,HSE_VALUE,HSI_VALUE,I2C1Freq_Value,I2C2Freq_Value,I2C3Freq_Value,I2SClocksFreq_Value,LSI_VALUE,MCOFreq_Value,PLLCLKFreq_Value,PLLM,PLLMCOFreq_Value,PLLMUL,PLLN,PLLP,PLLQ,PLLSourceVirtual,RCC_PLLsource_Clock_Source_FROM_HSE,RTCFreq_Value,RTCHSEDivFreq_Value,SYSCLKFreq_VALUE,SYSCLKSourceVirtual,TIM15Freq_Value,TIM16Freq_Value,TIM17Freq_Value,TIM1Freq_Value,TIM20Freq_Value,TIM2Freq_Value,TIM3Freq_Value,TIM8Freq_Value,UART4Freq_Value,UART5Freq_Value,USART1Freq_Value,USART2Freq_Value,USART3Freq_Value,USBFreq_Value,VCOOutput2Freq_Value
ProjectManager.AskForMigrate=true
Mcu.Name=STM32F303R(D-E)Tx
NVIC.SavedPendsvIrqHandlerGenerated=true
RCC.RTCHSEDivFreq_Value=250000
PA13.GPIO_Label=TMS
PA2.Signal=USART2_TX
ProjectManager.UnderRoot=true
ProjectManager.CoupleFile=false
PB3.Signal=SYS_JTDO-TRACESWO
RCC.SYSCLKFreq_VALUE=72000000
PA3.Locked=true
PA5.GPIO_Label=LD2 [Green Led]
NVIC.ForceEnableDMAVector=true
KeepUserPlacement=false
PC13.GPIO_ModeDefaultEXTI=GPIO_MODE_IT_FALLING
PA14.GPIOParameters=GPIO_Label
NVIC.MemoryManagement_IRQn=true\:0\:0\:false\:false\:true\:false\:true\:false
PA13.Locked=true
ProjectManager.CompilerOptimize=6
PA14.Signal=SYS_JTCK-SWCLK
ProjectManager.HeapSize=0x200
NVIC.HardFault_IRQn=true\:0\:0\:false\:false\:true\:false\:true\:false
RCC.TIM20Freq_Value=72000000
ProjectManager.ComputerToolchain=false
FREERTOS.Timers01=myTimer01,Callback01,osTimerPeriodic,Default,NULL,Dynamic,NULL;myTimer02,Callback02,osTimerOnce,Default,NULL,Dynamic,NULL
RCC.HSI_VALUE=8000000
RCC.TIM3Freq_Value=72000000
NVIC.TIM1_UP_TIM16_IRQn=true\:0\:0\:false\:false\:true\:false\:false\:true
RCC.PLLP=RCC_PLLP_DIV4
PA5.GPIO_Speed=GPIO_SPEED_FREQ_LOW
RCC.PLLQ=7
NVIC.PriorityGroup=NVIC_PRIORITYGROUP_4
Mcu.Pin11=VP_FREERTOS_VS_CMSIS_V1
Mcu.Pin12=VP_SYS_VS_tim1
RCC.PLLM=8
RCC.PLLN=336
Mcu.Pin10=PB3
PA2.Mode=Asynchronous
PF0-OSC_IN.Signal=RCC_OSC_IN
RCC.I2C2Freq_Value=8000000
RCC.APB1Freq_Value=36000000
PA5.GPIO_Mode=GPIO_MODE_OUTPUT_PP
ProjectManager.DeviceId=STM32F303RETx
ProjectManager.LibraryCopy=1
PA3.GPIO_Label=USART_RX
isbadioc=false
