#MicroXplorer Configuration settings - do not modify
Mcu.Family=STM32F3
VP_RTC_VS_RTC_Activate.Signal=RTC_VS_RTC_Activate
RCC.PLLSourceVirtual=RCC_PLLSOURCE_HSE
ProjectManager.MainLocation=Core/Src
RCC.MCOFreq_Value=72000000
RCC.USART1Freq_Value=72000000
ProjectManager.ProjectFileName=007_rtc.ioc
RCC.ADC12outputFreq_Value=72000000
RCC.CortexFreq_Value=72000000
RCC.TIM17Freq_Value=72000000
ProjectManager.KeepUserCode=true
Mcu.UserName=STM32F303RETx
Mcu.PinsNb=10
ProjectManager.NoMain=false
RCC.PLLCLKFreq_Value=72000000
PA14.GPIO_Label=TCK
RCC.SYSCLKSourceVirtual=RCC_SYSCLKSOURCE_PLLCLK
ProjectManager.functionlistsort=1-MX_GPIO_Init-GPIO-false-HAL-true,2-SystemClock_Config-RCC-false-HAL-false,3-MX_RTC_Init-RTC-false-HAL-true
VP_RTC_VS_RTC_Activate.Mode=RTC_Enabled
RTC.WeekDay=RTC_WEEKDAY_THURSDAY
RCC.RTCFreq_Value=40000
ProjectManager.DefaultFWLocation=true
RCC.USART2Freq_Value=36000000
VP_RTC_VS_RTC_Calendar.Signal=RTC_VS_RTC_Calendar
ProjectManager.DeletePrevious=true
PF1-OSC_OUT.Locked=true
RCC.APB1CLKDivider=RCC_HCLK_DIV2
boardIOC=true
PinOutPanel.RotationAngle=0
RCC.FamilyName=M
VP_RTC_VS_RTC_Alarm_A_Intern.Mode=Alarm A
ProjectManager.StackSize=0x400
RTC.Seconds_A-Alarm\ A=2
RCC.I2C3Freq_Value=8000000
PA13.Signal=SYS_JTMS-SWDIO
RCC.FCLKCortexFreq_Value=72000000
NVIC.SVCall_IRQn=true\:0\:0\:false\:false\:true\:false\:false
Mcu.IP2=RTC
Mcu.IP3=SYS
Mcu.IP0=NVIC
Mcu.IP1=RCC
Mcu.UserConstants=
ProjectManager.TargetToolchain=STM32CubeIDE
RTC.Year=21
Mcu.ThirdPartyNb=0
RCC.HCLKFreq_Value=72000000
Mcu.IPNb=4
RCC.I2SClocksFreq_Value=72000000
ProjectManager.PreviousToolchain=
RCC.APB2TimFreq_Value=72000000
RTC.IPParameters=WeekDay,Month,Date,Year,Hours,Minutes,Format,Alarm-Alarm A,Hours_A-Alarm A,Minutes_A-Alarm A,Seconds_A-Alarm A,AlarmMaskSeconds-Alarm A,AlarmMaskDateWeekDay-Alarm A
Mcu.Pin6=VP_RTC_VS_RTC_Activate
RCC.PLLDivider=RCC_PREDIV_DIV4
RTC.Format=RTC_FORMAT_BCD
Mcu.Pin7=VP_RTC_VS_RTC_Calendar
ProjectManager.RegisterCallBack=
Mcu.Pin8=VP_RTC_VS_RTC_Alarm_A_Intern
RCC.USBFreq_Value=72000000
Mcu.Pin9=VP_SYS_VS_Systick
RCC.AHBFreq_Value=72000000
RCC.TIM2Freq_Value=72000000
Mcu.Pin0=PF0-OSC_IN
PF0-OSC_IN.Mode=HSE-External-Oscillator
Mcu.Pin1=PF1-OSC_OUT
GPIO.groupedBy=Group By Peripherals
Mcu.Pin2=PA5
Mcu.Pin3=PA13
RCC.USART3Freq_Value=36000000
Mcu.Pin4=PA14
Mcu.Pin5=PB3
PA5.Signal=GPIO_Output
ProjectManager.ProjectBuild=false
RCC.HSE_VALUE=32000000
RTC.Minutes=25
NVIC.UsageFault_IRQn=true\:0\:0\:false\:false\:true\:true\:false
NVIC.DebugMonitor_IRQn=true\:0\:0\:false\:false\:true\:true\:false
board=NUCLEO-F303RE
NVIC.SysTick_IRQn=true\:0\:0\:true\:false\:true\:true\:true
RCC.RCC_PLLsource_Clock_Source_FROM_HSE=RCC_HSE_PREDIV_DIV2
RTC.AlarmMaskSeconds-Alarm\ A=RTC_ALARMMASK_SECONDS
ProjectManager.LastFirmware=true
RCC.PLLMUL=RCC_PLL_MUL9
RCC.VCOOutput2Freq_Value=8000000
ProjectManager.FirmwarePackage=STM32Cube FW_F3 V1.11.2
MxDb.Version=DB.6.0.21
RCC.APB2Freq_Value=72000000
RCC.TIM8Freq_Value=72000000
RCC.UART4Freq_Value=36000000
RTC.Month=RTC_MONTH_JULY
ProjectManager.BackupPrevious=false
MxCube.Version=6.2.1
RCC.I2C1Freq_Value=8000000
PA14.Mode=Serial_Wire
PF0-OSC_IN.Locked=true
File.Version=6
VP_SYS_VS_Systick.Mode=SysTick
PB3.GPIOParameters=GPIO_Label
NVIC.NonMaskableInt_IRQn=true\:0\:0\:false\:false\:true\:true\:false
NVIC.PendSV_IRQn=true\:0\:0\:false\:false\:true\:false\:false
RCC.UART5Freq_Value=36000000
PA13.Mode=Serial_Wire
ProjectManager.FreePins=false
NVIC.RTC_Alarm_IRQn=true\:0\:0\:false\:false\:true\:true\:true
RCC.IPParameters=ADC12outputFreq_Value,ADC34outputFreq_Value,AHBFreq_Value,APB1CLKDivider,APB1Freq_Value,APB1TimFreq_Value,APB2Freq_Value,APB2TimFreq_Value,CortexFreq_Value,FCLKCortexFreq_Value,FamilyName,HCLKFreq_Value,HSE_VALUE,HSI_VALUE,I2C1Freq_Value,I2C2Freq_Value,I2C3Freq_Value,I2SClocksFreq_Value,LSI_VALUE,MCOFreq_Value,PLLCLKFreq_Value,PLLDivider,PLLM,PLLMCOFreq_Value,PLLMUL,PLLN,PLLP,PLLQ,PLLSourceVirtual,RCC_PLLsource_Clock_Source_FROM_HSE,RTCFreq_Value,RTCHSEDivFreq_Value,SYSCLKFreq_VALUE,SYSCLKSourceVirtual,TIM15Freq_Value,TIM16Freq_Value,TIM17Freq_Value,TIM1Freq_Value,TIM20Freq_Value,TIM2Freq_Value,TIM3Freq_Value,TIM8Freq_Value,UART4Freq_Value,UART5Freq_Value,USART1Freq_Value,USART2Freq_Value,USART3Freq_Value,USBFreq_Value,VCOOutput2Freq_Value
ProjectManager.AskForMigrate=true
Mcu.Name=STM32F303R(D-E)Tx
RTC.Alarm-Alarm\ A=RTC_ALARM_A
ProjectManager.HalAssertFull=false
RTC.Hours_A-Alarm\ A=13
RCC.RTCHSEDivFreq_Value=1000000
PA13.GPIO_Label=TMS
ProjectManager.ProjectName=007_rtc
ProjectManager.UnderRoot=true
RCC.TIM1Freq_Value=72000000
RTC.AlarmMaskDateWeekDay-Alarm\ A=RTC_ALARMMASK_DATEWEEKDAY
RTC.Minutes_A-Alarm\ A=26
PA13.GPIOParameters=GPIO_Label
RCC.PLLMCOFreq_Value=72000000
ProjectManager.CoupleFile=false
PB3.Signal=SYS_JTDO-TRACESWO
RCC.SYSCLKFreq_VALUE=72000000
RTC.Hours=13
Mcu.Package=LQFP64
RCC.TIM15Freq_Value=72000000
PA5.Locked=true
NVIC.ForceEnableDMAVector=true
KeepUserPlacement=false
RCC.ADC34outputFreq_Value=72000000
PA14.GPIOParameters=GPIO_Label
NVIC.MemoryManagement_IRQn=true\:0\:0\:false\:false\:true\:true\:false
VP_RTC_VS_RTC_Alarm_A_Intern.Signal=RTC_VS_RTC_Alarm_A_Intern
PA14.Locked=true
PA13.Locked=true
ProjectManager.CompilerOptimize=6
ProjectManager.ToolChainLocation=
RCC.LSI_VALUE=40000
VP_SYS_VS_Systick.Signal=SYS_VS_Systick
PA14.Signal=SYS_JTCK-SWCLK
VP_RTC_VS_RTC_Calendar.Mode=RTC_Calendar
ProjectManager.HeapSize=0x200
NVIC.HardFault_IRQn=true\:0\:0\:false\:false\:true\:true\:false
RCC.TIM20Freq_Value=72000000
ProjectManager.ComputerToolchain=false
RCC.HSI_VALUE=8000000
RCC.TIM16Freq_Value=72000000
RCC.TIM3Freq_Value=72000000
RCC.PLLP=RCC_PLLP_DIV4
RCC.PLLQ=7
NVIC.PriorityGroup=NVIC_PRIORITYGROUP_0
RCC.PLLM=8
RCC.PLLN=336
RCC.APB1TimFreq_Value=72000000
NVIC.BusFault_IRQn=true\:0\:0\:false\:false\:true\:true\:false
PF0-OSC_IN.Signal=RCC_OSC_IN
PF1-OSC_OUT.Mode=HSE-External-Oscillator
RCC.I2C2Freq_Value=8000000
RCC.APB1Freq_Value=36000000
RTC.Date=15
ProjectManager.CustomerFirmwarePackage=
ProjectManager.DeviceId=STM32F303RETx
PF1-OSC_OUT.Signal=RCC_OSC_OUT
ProjectManager.LibraryCopy=1
PB3.Locked=true
PB3.GPIO_Label=SWO
isbadioc=false
